
Microsoft Visual Studio Solution File, Format Version 12.00
# Visual Studio 2015
Project("{FAE04EC0-301F-11D3-BF4B-00C04F79EFBC}") = "4-Gesture-Completed.CSharp", "4-Gesture-Completed.CSharp.csproj", "{60454237-121A-9ACE-7B37-9F9D3379B3A9}"
EndProject
Global
	GlobalSection(SolutionConfigurationPlatforms) = preSolution
		Debug|Any CPU = Debug|Any CPU
		Release|Any CPU = Release|Any CPU
	EndGlobalSection
	GlobalSection(ProjectConfigurationPlatforms) = postSolution
		{60454237-121A-9ACE-7B37-9F9D3379B3A9}.Debug|Any CPU.ActiveCfg = Debug|Any CPU
		{60454237-121A-9ACE-7B37-9F9D3379B3A9}.Debug|Any CPU.Build.0 = Debug|Any CPU
		{60454237-121A-9ACE-7B37-9F9D3379B3A9}.Release|Any CPU.ActiveCfg = Release|Any CPU
		{60454237-121A-9ACE-7B37-9F9D3379B3A9}.Release|Any CPU.Build.0 = Release|Any CPU
	EndGlobalSection
	GlobalSection(SolutionProperties) = preSolution
		HideSolutionNode = FALSE
	EndGlobalSection
EndGlobal
